{
  "version": 4,
  "terraform_version": "1.2.2",
  "serial": 37,
  "lineage": "fc37f7df-20ef-0255-e943-ec4f64e0bae4",
  "outputs": {},
  "resources": [
    {
      "mode": "managed",
      "type": "aws_key_pair",
      "name": "deployer",
      "provider": "provider[\"registry.terraform.io/hashicorp/aws\"]",
      "instances": [
        {
          "schema_version": 1,
          "attributes": {
            "arn": "arn:aws:ec2:us-east-1:435821623540:key-pair/devops_lab",
            "fingerprint": "95:6a:da:aa:81:d6:b3:ae:ce:49:a1:b1:0e:4c:5f:e0",
            "id": "devops_lab",
            "key_name": "devops_lab",
            "key_name_prefix": "",
            "key_pair_id": "key-0829aeea6fb9fd445",
            "public_key": "ssh-rsa AAAAB3NzaC1yc2EAAAADAQABAAABgQCbHaGlimgnFfRkxwDMc2zLGHiSVLuAj4MMMDGA7eNejF0BFH3eayc79PhEpwQhlxKeAdjMNEuS2yScsoPuXD1/Y8tzAF/PGsISDU4RydV3OGhbmFUb4/xXq0awYSHWP8maq1JDoZOxgPTG1bYo3Z4dushKt/iD59tr3qmiLBXOXVrSm4EQYI7Ce+Th26CAjx8+wppU47617XjVdC9zGeZxJi5gQI82ZBx1WZsXQvBQh/hrh1h2UzCHQ5wZ2kbL3vsXahtlaFDgJP4sPVkJhMN8ig1FcO5xQ4vBZ1SynPQad1ZNBQBMv1BEdSpJmwjhKm06SlkAQjv5ykfl7bhf6WYIKBzIveFOAG82oa6A4Jf+791bzX1MSKqppWzhoBbmDXwHUklwPBVL5dbOm1elDH4x0X+gCBcAUaWz70C35Duzc28KWOZB28gcJOoUNZb/5T1LSL+ZK46PGG18zl2POwjE4BzN1DGu+DPikjuSPddoswmR1QhkHsa3xkh689eZZ/8= behouba@ip5",
            "tags": {},
            "tags_all": {}
          },
          "sensitive_attributes": [],
          "private": "eyJzY2hlbWFfdmVyc2lvbiI6IjEifQ=="
        }
      ]
    },
    {
      "mode": "managed",
      "type": "aws_security_group",
      "name": "main",
      "provider": "provider[\"registry.terraform.io/hashicorp/aws\"]",
      "instances": [
        {
          "schema_version": 1,
          "attributes": {
            "arn": "arn:aws:ec2:us-east-1:435821623540:security-group/sg-01e8d078df1d0bd61",
            "description": "Managed by Terraform",
            "egress": [
              {
                "cidr_blocks": [
                  "0.0.0.0/0"
                ],
                "description": "",
                "from_port": 0,
                "ipv6_cidr_blocks": [],
                "prefix_list_ids": [],
                "protocol": "-1",
                "security_groups": [],
                "self": false,
                "to_port": 0
              }
            ],
            "id": "sg-01e8d078df1d0bd61",
            "ingress": [
              {
                "cidr_blocks": [
                  "0.0.0.0/0"
                ],
                "description": "",
                "from_port": 22,
                "ipv6_cidr_blocks": [],
                "prefix_list_ids": [],
                "protocol": "tcp",
                "security_groups": [],
                "self": false,
                "to_port": 22
              }
            ],
            "name": "terraform-20220613235222952600000001",
            "name_prefix": "terraform-",
            "owner_id": "435821623540",
            "revoke_rules_on_delete": false,
            "tags": {},
            "tags_all": {},
            "timeouts": null,
            "vpc_id": "vpc-01019772bdfd77d1f"
          },
          "sensitive_attributes": [],
          "private": "eyJlMmJmYjczMC1lY2FhLTExZTYtOGY4OC0zNDM2M2JjN2M0YzAiOnsiY3JlYXRlIjo2MDAwMDAwMDAwMDAsImRlbGV0ZSI6OTAwMDAwMDAwMDAwfSwic2NoZW1hX3ZlcnNpb24iOiIxIn0="
        }
      ]
    }
  ]
}
