{
  "version": 4,
  "terraform_version": "1.2.2",
  "serial": 27,
  "lineage": "fc37f7df-20ef-0255-e943-ec4f64e0bae4",
  "outputs": {},
  "resources": [
    {
      "mode": "managed",
      "type": "aws_instance",
      "name": "lab5-vm",
      "provider": "provider[\"registry.terraform.io/hashicorp/aws\"]",
      "instances": [
        {
          "schema_version": 1,
          "attributes": {
            "ami": "ami-09d56f8956ab235b3",
            "arn": "arn:aws:ec2:us-east-1:435821623540:instance/i-0d69cae7896068761",
            "associate_public_ip_address": true,
            "availability_zone": "us-east-1d",
            "capacity_reservation_specification": [
              {
                "capacity_reservation_preference": "open",
                "capacity_reservation_target": []
              }
            ],
            "cpu_core_count": 1,
            "cpu_threads_per_core": 1,
            "credit_specification": [
              {
                "cpu_credits": "standard"
              }
            ],
            "disable_api_termination": false,
            "ebs_block_device": [],
            "ebs_optimized": false,
            "enclave_options": [
              {
                "enabled": false
              }
            ],
            "ephemeral_block_device": [],
            "get_password_data": false,
            "hibernation": false,
            "host_id": null,
            "iam_instance_profile": "",
            "id": "i-0d69cae7896068761",
            "instance_initiated_shutdown_behavior": "stop",
            "instance_state": "running",
            "instance_type": "t2.micro",
            "ipv6_address_count": 0,
            "ipv6_addresses": [],
            "key_name": "devops_lab",
            "launch_template": [],
            "maintenance_options": [
              {
                "auto_recovery": "default"
              }
            ],
            "metadata_options": [
              {
                "http_endpoint": "enabled",
                "http_put_response_hop_limit": 1,
                "http_tokens": "optional",
                "instance_metadata_tags": "disabled"
              }
            ],
            "monitoring": false,
            "network_interface": [],
            "outpost_arn": "",
            "password_data": "",
            "placement_group": "",
            "placement_partition_number": null,
            "primary_network_interface_id": "eni-0b3817442ced61b6e",
            "private_dns": "ip-172-31-84-191.ec2.internal",
            "private_ip": "172.31.84.191",
            "public_dns": "ec2-44-201-80-11.compute-1.amazonaws.com",
            "public_ip": "44.201.80.11",
            "root_block_device": [
              {
                "delete_on_termination": true,
                "device_name": "/dev/sda1",
                "encrypted": false,
                "iops": 100,
                "kms_key_id": "",
                "tags": {},
                "throughput": 0,
                "volume_id": "vol-0446413211f765fc9",
                "volume_size": 8,
                "volume_type": "gp2"
              }
            ],
            "secondary_private_ips": [],
            "security_groups": [
              "terraform-20220613031256849000000001"
            ],
            "source_dest_check": true,
            "subnet_id": "subnet-0ff12f0345543d47e",
            "tags": {},
            "tags_all": {},
            "tenancy": "default",
            "timeouts": null,
            "user_data": null,
            "user_data_base64": null,
            "user_data_replace_on_change": false,
            "volume_tags": null,
            "vpc_security_group_ids": [
              "sg-0291e413b9a63c180"
            ]
          },
          "sensitive_attributes": [],
          "private": "eyJlMmJmYjczMC1lY2FhLTExZTYtOGY4OC0zNDM2M2JjN2M0YzAiOnsiY3JlYXRlIjo2MDAwMDAwMDAwMDAsImRlbGV0ZSI6MTIwMDAwMDAwMDAwMCwidXBkYXRlIjo2MDAwMDAwMDAwMDB9LCJzY2hlbWFfdmVyc2lvbiI6IjEifQ==",
          "dependencies": [
            "aws_security_group.main"
          ]
        }
      ]
    },
    {
      "mode": "managed",
      "type": "aws_key_pair",
      "name": "deployer",
      "provider": "provider[\"registry.terraform.io/hashicorp/aws\"]",
      "instances": [
        {
          "schema_version": 1,
          "attributes": {
            "arn": "arn:aws:ec2:us-east-1:435821623540:key-pair/devops_lab",
            "fingerprint": "95:6a:da:aa:81:d6:b3:ae:ce:49:a1:b1:0e:4c:5f:e0",
            "id": "devops_lab",
            "key_name": "devops_lab",
            "key_name_prefix": "",
            "key_pair_id": "key-0a89ff3cfd786c65e",
            "public_key": "ssh-rsa AAAAB3NzaC1yc2EAAAADAQABAAABgQCbHaGlimgnFfRkxwDMc2zLGHiSVLuAj4MMMDGA7eNejF0BFH3eayc79PhEpwQhlxKeAdjMNEuS2yScsoPuXD1/Y8tzAF/PGsISDU4RydV3OGhbmFUb4/xXq0awYSHWP8maq1JDoZOxgPTG1bYo3Z4dushKt/iD59tr3qmiLBXOXVrSm4EQYI7Ce+Th26CAjx8+wppU47617XjVdC9zGeZxJi5gQI82ZBx1WZsXQvBQh/hrh1h2UzCHQ5wZ2kbL3vsXahtlaFDgJP4sPVkJhMN8ig1FcO5xQ4vBZ1SynPQad1ZNBQBMv1BEdSpJmwjhKm06SlkAQjv5ykfl7bhf6WYIKBzIveFOAG82oa6A4Jf+791bzX1MSKqppWzhoBbmDXwHUklwPBVL5dbOm1elDH4x0X+gCBcAUaWz70C35Duzc28KWOZB28gcJOoUNZb/5T1LSL+ZK46PGG18zl2POwjE4BzN1DGu+DPikjuSPddoswmR1QhkHsa3xkh689eZZ/8= behouba@ip5",
            "tags": {},
            "tags_all": {}
          },
          "sensitive_attributes": [],
          "private": "eyJzY2hlbWFfdmVyc2lvbiI6IjEifQ=="
        }
      ]
    },
    {
      "mode": "managed",
      "type": "aws_security_group",
      "name": "main",
      "provider": "provider[\"registry.terraform.io/hashicorp/aws\"]",
      "instances": [
        {
          "schema_version": 1,
          "attributes": {
            "arn": "arn:aws:ec2:us-east-1:435821623540:security-group/sg-0291e413b9a63c180",
            "description": "Managed by Terraform",
            "egress": [
              {
                "cidr_blocks": [
                  "0.0.0.0/0"
                ],
                "description": "",
                "from_port": 0,
                "ipv6_cidr_blocks": [],
                "prefix_list_ids": [],
                "protocol": "-1",
                "security_groups": [],
                "self": false,
                "to_port": 0
              }
            ],
            "id": "sg-0291e413b9a63c180",
            "ingress": [
              {
                "cidr_blocks": [
                  "0.0.0.0/0"
                ],
                "description": "",
                "from_port": 22,
                "ipv6_cidr_blocks": [],
                "prefix_list_ids": [],
                "protocol": "tcp",
                "security_groups": [],
                "self": false,
                "to_port": 22
              }
            ],
            "name": "terraform-20220613031256849000000001",
            "name_prefix": "terraform-",
            "owner_id": "435821623540",
            "revoke_rules_on_delete": false,
            "tags": {},
            "tags_all": {},
            "timeouts": null,
            "vpc_id": "vpc-01019772bdfd77d1f"
          },
          "sensitive_attributes": [],
          "private": "eyJlMmJmYjczMC1lY2FhLTExZTYtOGY4OC0zNDM2M2JjN2M0YzAiOnsiY3JlYXRlIjo2MDAwMDAwMDAwMDAsImRlbGV0ZSI6OTAwMDAwMDAwMDAwfSwic2NoZW1hX3ZlcnNpb24iOiIxIn0="
        }
      ]
    }
  ]
}
